{
  "name": "zokrates",
  "version": "1.0.0",
  "lockfileVersion": 2,
  "requires": true,
  "packages": {
    "": {
      "name": "zokrates",
      "version": "1.0.0",
      "license": "ISC",
      "dependencies": {
        "zokrates-js": "^1.0.43"
      }
    },
    "node_modules/zokrates-js": {
      "version": "1.0.43",
      "resolved": "https://registry.npmjs.org/zokrates-js/-/zokrates-js-1.0.43.tgz",
      "integrity": "sha512-34R5gZNEdpXevt3iV9h0nOr2Tf187BfLW54oNc0/xdDFBq6FxzqXsEw0YP5UJkm87zGGe9XNTyMv7mukb3BSGw=="
    }
  },
  "dependencies": {
    "zokrates-js": {
      "version": "1.0.43",
      "resolved": "https://registry.npmjs.org/zokrates-js/-/zokrates-js-1.0.43.tgz",
      "integrity": "sha512-34R5gZNEdpXevt3iV9h0nOr2Tf187BfLW54oNc0/xdDFBq6FxzqXsEw0YP5UJkm87zGGe9XNTyMv7mukb3BSGw=="
    }
  }
}
